
Microsoft Visual Studio Solution File, Format Version 12.00
# Visual Studio Version 17
VisualStudioVersion = 17.11.35312.102
MinimumVisualStudioVersion = 10.0.40219.1
Project("{FAE04EC0-301F-11D3-BF4B-00C04F79EFBC}") = "GuidGenerator", "GuidGenerator\GuidGenerator.csproj", "{F1FC6958-CE5C-4D3B-A020-D796A7B79ABF}"
EndProject
Global
	GlobalSection(SolutionConfigurationPlatforms) = preSolution
		Debug|Any CPU = Debug|Any CPU
		Release|Any CPU = Release|Any CPU
	EndGlobalSection
	GlobalSection(ProjectConfigurationPlatforms) = postSolution
		{F1FC6958-CE5C-4D3B-A020-D796A7B79ABF}.Debug|Any CPU.ActiveCfg = Debug|Any CPU
		{F1FC6958-CE5C-4D3B-A020-D796A7B79ABF}.Debug|Any CPU.Build.0 = Debug|Any CPU
		{F1FC6958-CE5C-4D3B-A020-D796A7B79ABF}.Release|Any CPU.ActiveCfg = Release|Any CPU
		{F1FC6958-CE5C-4D3B-A020-D796A7B79ABF}.Release|Any CPU.Build.0 = Release|Any CPU
	EndGlobalSection
	GlobalSection(SolutionProperties) = preSolution
		HideSolutionNode = FALSE
	EndGlobalSection
	GlobalSection(ExtensibilityGlobals) = postSolution
		SolutionGuid = {FA647874-8871-4CEE-B322-237EBF60E66A}
	EndGlobalSection
EndGlobal
